
Microsoft Visual Studio Solution File, Format Version 12.00
# Visual Studio Version 16
VisualStudioVersion = 16.0.31112.23
MinimumVisualStudioVersion = 10.0.40219.1
Project("{8BC9CEB8-8B4A-11D0-8D11-00A0C91BC942}") = "WO9_OOP345", "WO9_OOP345.vcxproj", "{8504478D-8FD5-4A30-9752-2CF230D71344}"
EndProject
Global
	GlobalSection(SolutionConfigurationPlatforms) = preSolution
		Debug|x64 = Debug|x64
		Debug|x86 = Debug|x86
		Release|x64 = Release|x64
		Release|x86 = Release|x86
	EndGlobalSection
	GlobalSection(ProjectConfigurationPlatforms) = postSolution
		{8504478D-8FD5-4A30-9752-2CF230D71344}.Debug|x64.ActiveCfg = Debug|x64
		{8504478D-8FD5-4A30-9752-2CF230D71344}.Debug|x64.Build.0 = Debug|x64
		{8504478D-8FD5-4A30-9752-2CF230D71344}.Debug|x86.ActiveCfg = Debug|Win32
		{8504478D-8FD5-4A30-9752-2CF230D71344}.Debug|x86.Build.0 = Debug|Win32
		{8504478D-8FD5-4A30-9752-2CF230D71344}.Release|x64.ActiveCfg = Release|x64
		{8504478D-8FD5-4A30-9752-2CF230D71344}.Release|x64.Build.0 = Release|x64
		{8504478D-8FD5-4A30-9752-2CF230D71344}.Release|x86.ActiveCfg = Release|Win32
		{8504478D-8FD5-4A30-9752-2CF230D71344}.Release|x86.Build.0 = Release|Win32
	EndGlobalSection
	GlobalSection(SolutionProperties) = preSolution
		HideSolutionNode = FALSE
	EndGlobalSection
	GlobalSection(ExtensibilityGlobals) = postSolution
		SolutionGuid = {2B732F98-9595-4246-9F83-3951752DCFA7}
	EndGlobalSection
EndGlobal
